
Microsoft Visual Studio Solution File, Format Version 12.00
# Visual Studio Version 17
VisualStudioVersion = 17.1.32319.34
MinimumVisualStudioVersion = 10.0.40219.1
Project("{9A19103F-16F7-4668-BE54-9A1E7A4F7556}") = "GroupWebApp", "GroupWebApp\GroupWebApp.csproj", "{88666EB6-E99E-44D2-A175-4EF5F20B9367}"
EndProject
Project("{9A19103F-16F7-4668-BE54-9A1E7A4F7556}") = "GroupWebApp.Storage", "GroupWebAppStorage\GroupWebApp.Storage.csproj", "{DFE31940-76BB-4E78-9FDE-6291A4E5669F}"
EndProject
Project("{9A19103F-16F7-4668-BE54-9A1E7A4F7556}") = "GroupWebApp.Logic", "GroupWebApp.Logic\GroupWebApp.Logic.csproj", "{25F707E4-6895-4173-8E2A-78C1E23AE40B}"
EndProject
Global
	GlobalSection(SolutionConfigurationPlatforms) = preSolution
		Debug|Any CPU = Debug|Any CPU
		Release|Any CPU = Release|Any CPU
	EndGlobalSection
	GlobalSection(ProjectConfigurationPlatforms) = postSolution
		{88666EB6-E99E-44D2-A175-4EF5F20B9367}.Debug|Any CPU.ActiveCfg = Debug|Any CPU
		{88666EB6-E99E-44D2-A175-4EF5F20B9367}.Debug|Any CPU.Build.0 = Debug|Any CPU
		{88666EB6-E99E-44D2-A175-4EF5F20B9367}.Release|Any CPU.ActiveCfg = Release|Any CPU
		{88666EB6-E99E-44D2-A175-4EF5F20B9367}.Release|Any CPU.Build.0 = Release|Any CPU
		{DFE31940-76BB-4E78-9FDE-6291A4E5669F}.Debug|Any CPU.ActiveCfg = Debug|Any CPU
		{DFE31940-76BB-4E78-9FDE-6291A4E5669F}.Debug|Any CPU.Build.0 = Debug|Any CPU
		{DFE31940-76BB-4E78-9FDE-6291A4E5669F}.Release|Any CPU.ActiveCfg = Release|Any CPU
		{DFE31940-76BB-4E78-9FDE-6291A4E5669F}.Release|Any CPU.Build.0 = Release|Any CPU
		{25F707E4-6895-4173-8E2A-78C1E23AE40B}.Debug|Any CPU.ActiveCfg = Debug|Any CPU
		{25F707E4-6895-4173-8E2A-78C1E23AE40B}.Debug|Any CPU.Build.0 = Debug|Any CPU
		{25F707E4-6895-4173-8E2A-78C1E23AE40B}.Release|Any CPU.ActiveCfg = Release|Any CPU
		{25F707E4-6895-4173-8E2A-78C1E23AE40B}.Release|Any CPU.Build.0 = Release|Any CPU
	EndGlobalSection
	GlobalSection(SolutionProperties) = preSolution
		HideSolutionNode = FALSE
	EndGlobalSection
	GlobalSection(ExtensibilityGlobals) = postSolution
		SolutionGuid = {CD1FC9A0-949A-4BB2-A897-DE4769F4F2DA}
	EndGlobalSection
EndGlobal
